PODS:
  - Bolts (1.1.3)
  - DateTools (1.5.0)
  - Firebase (2.2.0)
  - FlurrySDK (6.0.0):
    - FlurrySDK/FlurrySDK (= 6.0.0)
  - FlurrySDK/FlurrySDK (6.0.0)
  - JSQMessagesViewController (6.1.3):
    - JSQSystemSoundPlayer (~> 2.0.1)
  - JSQSystemSoundPlayer (2.0.1)
  - Parse (1.6.2):
    - Bolts (~> 1.1)
  - PaymentKit (1.1.1)
  - Stripe (3.1.0):
    - Stripe/Core (= 3.1.0)
  - Stripe/Core (3.1.0)
  - SVProgressHUD (1.1.2)

DEPENDENCIES:
  - DateTools
  - Firebase (>= 2.1.0)
  - FlurrySDK (= 6.0)
  - JSQMessagesViewController
  - Parse (~> 1.6)
  - PaymentKit
  - Stripe
  - SVProgressHUD

SPEC CHECKSUMS:
  Bolts: 3db0a875235e0c9042b013af13af0f00f79b102c
  DateTools: 7df78f0c4719eb28cfd2d58a90fafd036e73156c
  Firebase: e7a2ea2ffeff99f9c37028b354194dcc9718d36b
  FlurrySDK: c10e4bda3373f6c3282fd62fc55bde83b15f190f
  JSQMessagesViewController: e93a288a9662d4519c95a28a8c0eec10beae1bfc
  JSQSystemSoundPlayer: 55528c699a283aae2220d3ae7b8b527d2ecef4b4
  Parse: 60d65108fe39da77ec16c9e51d74b4d296b21424
  PaymentKit: f77b4d5cee45947949429c3d587e8eb160a3c9e2
  Stripe: aaa174b50fac40a16958cbc892457a241d0b4b08
  SVProgressHUD: da7a49e789af645d9279ffbca62318945a832438

COCOAPODS: 0.35.0
